
Microsoft Visual Studio Solution File, Format Version 12.00
# Visual Studio Version 16
VisualStudioVersion = 16.0.32413.511
MinimumVisualStudioVersion = 10.0.40219.1
Project("{FAE04EC0-301F-11D3-BF4B-00C04F79EFBC}") = "VPWStudio", "VPWStudio\VPWStudio.csproj", "{B1B0AFF3-6049-422F-BC54-6F5DB8D37337}"
EndProject
Project("{2150E333-8FDC-42A3-9474-1A3956D46DE8}") = "Solution Items", "Solution Items", "{025AAA5D-894E-46B2-905B-6410D849A2B5}"
	ProjectSection(SolutionItems) = preProject
		.editorconfig = .editorconfig
	EndProjectSection
EndProject
Global
	GlobalSection(SolutionConfigurationPlatforms) = preSolution
		Debug|Any CPU = Debug|Any CPU
		Release|Any CPU = Release|Any CPU
	EndGlobalSection
	GlobalSection(ProjectConfigurationPlatforms) = postSolution
		{B1B0AFF3-6049-422F-BC54-6F5DB8D37337}.Debug|Any CPU.ActiveCfg = Debug|Any CPU
		{B1B0AFF3-6049-422F-BC54-6F5DB8D37337}.Debug|Any CPU.Build.0 = Debug|Any CPU
		{B1B0AFF3-6049-422F-BC54-6F5DB8D37337}.Release|Any CPU.ActiveCfg = Release|Any CPU
		{B1B0AFF3-6049-422F-BC54-6F5DB8D37337}.Release|Any CPU.Build.0 = Release|Any CPU
	EndGlobalSection
	GlobalSection(SolutionProperties) = preSolution
		HideSolutionNode = FALSE
	EndGlobalSection
	GlobalSection(ExtensibilityGlobals) = postSolution
		SolutionGuid = {383FC24B-9972-4103-9473-8AA7DFA2AF51}
	EndGlobalSection
EndGlobal
